Microsoft Visual Studio Solution File, Format Version 12.00
# Visual Studio Version 17
VisualStudioVersion = 17.5.2.0
MinimumVisualStudioVersion = 10.0.40219.1
Project("{FAE04EC0-301F-11D3-BF4B-00C04F79EFBC}") = "AgentLab", "AgentLab\AgentLab.csproj", "{B95FDD63-D6F1-8498-4B55-C09EAAC8A69A}"
EndProject
Global
	GlobalSection(SolutionConfigurationPlatforms) = preSolution
		Debug|Any CPU = Debug|Any CPU
		Release|Any CPU = Release|Any CPU
	EndGlobalSection
	GlobalSection(ProjectConfigurationPlatforms) = postSolution
		{B95FDD63-D6F1-8498-4B55-C09EAAC8A69A}.Debug|Any CPU.ActiveCfg = Debug|Any CPU
		{B95FDD63-D6F1-8498-4B55-C09EAAC8A69A}.Debug|Any CPU.Build.0 = Debug|Any CPU
		{B95FDD63-D6F1-8498-4B55-C09EAAC8A69A}.Release|Any CPU.ActiveCfg = Release|Any CPU
		{B95FDD63-D6F1-8498-4B55-C09EAAC8A69A}.Release|Any CPU.Build.0 = Release|Any CPU
		{08579E63-AA1F-7C0C-3388-0D9A22D53EC1}.Debug|Any CPU.ActiveCfg = Debug|Any CPU
		{08579E63-AA1F-7C0C-3388-0D9A22D53EC1}.Debug|Any CPU.Build.0 = Debug|Any CPU
		{08579E63-AA1F-7C0C-3388-0D9A22D53EC1}.Release|Any CPU.ActiveCfg = Release|Any CPU
		{08579E63-AA1F-7C0C-3388-0D9A22D53EC1}.Release|Any CPU.Build.0 = Release|Any CPU
	EndGlobalSection
	GlobalSection(SolutionProperties) = preSolution
		HideSolutionNode = FALSE
	EndGlobalSection
	GlobalSection(ExtensibilityGlobals) = postSolution
		SolutionGuid = {31735B81-DD7A-47DC-8C28-310ED601DA34}
	EndGlobalSection
EndGlobal
